#MicroXplorer Configuration settings - do not modify
Mcu.Family=STM32G4
ProjectManager.MainLocation=Core/Src
PA6.Mode=Full_Duplex_Master
USB_DEVICE.CLASS_NAME_FS=CDC
RCC.USART1Freq_Value=16000000
RCC.SAI1Freq_Value=16000000
RCC.CortexFreq_Value=16000000
ProjectManager.KeepUserCode=true
Mcu.UserName=STM32G474CETx
SPI1.VirtualType=VM_MASTER
ProjectManager.functionlistsort=
SH.S_TIM5_CH2.0=TIM5_CH2,Output Compare2 CH2
PA11.Mode=Device
RCC.USART2Freq_Value=16000000
PB13.Signal=FDCAN2_TX
PinOutPanel.RotationAngle=0
RCC.MCO1PinFreq_Value=16000000
ProjectManager.StackSize=0x400
RCC.LPTIM1Freq_Value=16000000
RCC.I2C3Freq_Value=16000000
Mcu.IP4=RCC
RCC.FCLKCortexFreq_Value=16000000
Mcu.IP5=SPI1
Mcu.IP2=I2C2
NVIC.SVCall_IRQn=true\:0\:0\:false\:false\:true\:false\:false
Mcu.IP3=NVIC
Mcu.IP0=FDCAN1
Mcu.IP1=FDCAN2
PA12.Signal=USB_DP
Mcu.UserConstants=
PA4.Mode=NSS_Signal_Hard_Output
Mcu.ThirdPartyNb=0
SPI1.Direction=SPI_DIRECTION_2LINES
RCC.HCLKFreq_Value=16000000
RCC.I2C4Freq_Value=16000000
Mcu.IPNb=12
ProjectManager.PreviousToolchain=
RCC.APB2TimFreq_Value=16000000
SH.S_TIM5_CH3.0=TIM5_CH3,PWM Generation3 CH3
SPI1.CalculateBaudRate=8.0 MBits/s
Mcu.Pin6=PA5
Mcu.Pin7=PA6
Mcu.Pin8=PA7
Mcu.Pin9=PB0
RCC.AHBFreq_Value=16000000
Mcu.Pin0=PF0-OSC_IN
Mcu.Pin1=PF1-OSC_OUT
TIM8.IPParameters=Channel-PWM Generation2 CH2N,Channel-PWM Generation3 CH3N
GPIO.groupedBy=Group By Peripherals
Mcu.Pin2=PA0
Mcu.Pin3=PA1
RCC.USART3Freq_Value=16000000
Mcu.Pin4=PA2
Mcu.Pin5=PA4
ProjectManager.ProjectBuild=false
RCC.HSE_VALUE=8000000
NVIC.UsageFault_IRQn=true\:0\:0\:false\:false\:true\:false\:false
NVIC.DebugMonitor_IRQn=true\:0\:0\:false\:false\:true\:false\:false
PB3.Mode=Trace_Asynchronous_SW
PB2.Signal=TIM20_CH1
Mcu.IP10=USB
NVIC.SysTick_IRQn=true\:0\:0\:false\:false\:true\:false\:true
Mcu.IP11=USB_DEVICE
ProjectManager.FirmwarePackage=STM32Cube FW_G4 V1.3.0
MxDb.Version=DB.6.0.10
ProjectManager.BackupPrevious=false
RCC.VCOInputFreq_Value=16000000
PF0-OSC_IN.Locked=true
PA14.Mode=Trace_Asynchronous_SW
File.Version=6
VP_SYS_VS_DBSignals.Mode=DisableDeadBatterySignals
PA8.Signal=I2C2_SDA
RCC.PLLRCLKFreq_Value=96000000
SPI1.VirtualNSS=VM_NSSHARD
NVIC.PendSV_IRQn=true\:0\:0\:false\:false\:true\:false\:false
SH.S_TIM5_CH2.ConfNb=1
ProjectManager.HalAssertFull=false
RCC.CRSFreq_Value=48000000
ProjectManager.ProjectName=Helios CubeMX Project Files
PA0.Signal=S_TIM5_CH1
PB9.Signal=FDCAN1_TX
Mcu.Package=LQFP48
PA6.Signal=SPI1_MISO
PB1.Signal=TIM8_CH3N
PB12.Mode=FDCAN_Activate
ProjectManager.ToolChainLocation=
RCC.LSI_VALUE=32000
VP_SYS_VS_Systick.Signal=SYS_VS_Systick
RCC.LSCOPinFreq_Value=32000
TIM8.Channel-PWM\ Generation2\ CH2N=TIM_CHANNEL_2
VP_USB_DEVICE_VS_USB_DEVICE_CDC_FS.Signal=USB_DEVICE_VS_USB_DEVICE_CDC_FS
NVIC.USB_LP_IRQn=true\:0\:0\:false\:false\:true\:false\:true
TIM20.IPParameters=Channel-PWM Generation1 CH1
RCC.PLLPoutputFreq_Value=96000000
RCC.APB1TimFreq_Value=16000000
NVIC.BusFault_IRQn=true\:0\:0\:false\:false\:true\:false\:false
SH.S_TIM5_CH1.0=TIM5_CH1,PWM Generation1 CH1
RCC.LPUART1Freq_Value=16000000
PB13.Mode=FDCAN_Activate
ProjectManager.CustomerFirmwarePackage=
PF1-OSC_OUT.Signal=GPIO_Output
RCC.HSI48_VALUE=48000000
RCC.HRTIM1Freq_Value=16000000
PA5.Mode=Full_Duplex_Master
RCC.I2SFreq_Value=16000000
TIM5.Channel-Output\ Compare2\ CH2=TIM_CHANNEL_2
RCC.PLLQoutputFreq_Value=48000000
ProjectManager.ProjectFileName=Helios CubeMX Project Files.ioc
PB8-BOOT0.Mode=FDCAN_Activate
PA7.Mode=Full_Duplex_Master
TIM5.IPParameters=Channel-PWM Generation1 CH1,Channel-Output Compare2 CH2,Channel-PWM Generation3 CH3
Mcu.PinsNb=26
ProjectManager.NoMain=false
SPI1.IPParameters=VirtualType,Mode,Direction,CalculateBaudRate,VirtualNSS
USB_DEVICE.VirtualModeFS=Cdc_FS
RCC.EXTERNAL_CLOCK_VALUE=12288000
ProjectManager.DefaultFWLocation=true
TIM5.Channel-PWM\ Generation3\ CH3=TIM_CHANNEL_3
ProjectManager.DeletePrevious=true
PF1-OSC_OUT.Locked=true
RCC.QSPIFreq_Value=16000000
USB_DEVICE.IPParameters=VirtualMode,VirtualModeFS,CLASS_NAME_FS
TIM20.Channel-PWM\ Generation1\ CH1=TIM_CHANNEL_1
RCC.FamilyName=M
PA13.Signal=SYS_JTMS-SWDIO
PA9.Mode=I2C
ProjectManager.TargetToolchain=EWARM V8.32
TIM8.Channel-PWM\ Generation3\ CH3N=TIM_CHANNEL_3
VP_USB_DEVICE_VS_USB_DEVICE_CDC_FS.Mode=CDC_FS
PB9.Mode=FDCAN_Activate
PA9.Signal=I2C2_SCL
SH.S_TIM5_CH3.ConfNb=1
ProjectManager.RegisterCallBack=
RCC.USBFreq_Value=48000000
RCC.LSE_VALUE=32768
PA1.Signal=S_TIM5_CH2
PA5.Signal=SPI1_SCK
PB0.Mode=PWM Generation2 CH2N
PB8-BOOT0.Signal=FDCAN1_RX
board=custom
RCC.VCOOutputFreq_Value=192000000
ProjectManager.LastFirmware=true
RCC.APB2Freq_Value=16000000
RCC.UART4Freq_Value=16000000
MxCube.Version=6.1.1
RCC.I2C1Freq_Value=16000000
SPI1.Mode=SPI_MODE_MASTER
VP_SYS_VS_DBSignals.Signal=SYS_VS_DBSignals
RCC.FDCANFreq_Value=16000000
RCC.RNGFreq_Value=48000000
VP_SYS_VS_Systick.Mode=SysTick
NVIC.NonMaskableInt_IRQn=true\:0\:0\:false\:false\:true\:false\:false
RCC.UART5Freq_Value=16000000
PA13.Mode=Trace_Asynchronous_SW
ProjectManager.FreePins=false
RCC.IPParameters=AHBFreq_Value,APB1Freq_Value,APB1TimFreq_Value,APB2Freq_Value,APB2TimFreq_Value,CRSFreq_Value,CortexFreq_Value,EXTERNAL_CLOCK_VALUE,FCLKCortexFreq_Value,FDCANFreq_Value,FamilyName,HCLKFreq_Value,HRTIM1Freq_Value,HSE_VALUE,HSI48_VALUE,HSI_VALUE,I2C1Freq_Value,I2C2Freq_Value,I2C3Freq_Value,I2C4Freq_Value,I2SFreq_Value,LPTIM1Freq_Value,LPUART1Freq_Value,LSCOPinFreq_Value,LSE_VALUE,LSI_VALUE,MCO1PinFreq_Value,PLLN,PLLPoutputFreq_Value,PLLQ,PLLQoutputFreq_Value,PLLRCLKFreq_Value,PWRFreq_Value,QSPIFreq_Value,RNGFreq_Value,SAI1Freq_Value,SYSCLKFreq_VALUE,UART4Freq_Value,UART5Freq_Value,USART1Freq_Value,USART2Freq_Value,USART3Freq_Value,USBFreq_Value,VCOInputFreq_Value,VCOOutputFreq_Value
ProjectManager.AskForMigrate=true
Mcu.Name=STM32G474C(B-C-E)Tx
Mcu.Pin24=VP_SYS_VS_DBSignals
PA2.Signal=S_TIM5_CH3
ProjectManager.UnderRoot=false
Mcu.Pin25=VP_USB_DEVICE_VS_USB_DEVICE_CDC_FS
Mcu.IP8=TIM8
Mcu.IP9=TIM20
Mcu.IP6=SYS
Mcu.IP7=TIM5
ProjectManager.CoupleFile=false
PB3.Signal=SYS_JTDO-SWO
PA4.Signal=SPI1_NSS
RCC.SYSCLKFreq_VALUE=16000000
Mcu.Pin22=PB9
Mcu.Pin23=VP_SYS_VS_Systick
Mcu.Pin20=PB3
Mcu.Pin21=PB8-BOOT0
PA12.Mode=Device
NVIC.ForceEnableDMAVector=true
KeepUserPlacement=false
NVIC.MemoryManagement_IRQn=true\:0\:0\:false\:false\:true\:false\:false
PB2.Mode=PWM Generation1 CH1
ProjectManager.CompilerOptimize=6
PA11.Signal=USB_DM
TIM5.Channel-PWM\ Generation1\ CH1=TIM_CHANNEL_1
PA14.Signal=SYS_JTCK-SWCLK
ProjectManager.HeapSize=0x200
Mcu.Pin15=PA9
NVIC.HardFault_IRQn=true\:0\:0\:false\:false\:true\:false\:false
Mcu.Pin16=PA11
PB1.Mode=PWM Generation3 CH3N
Mcu.Pin13=PB13
Mcu.Pin14=PA8
Mcu.Pin19=PA14
ProjectManager.ComputerToolchain=false
Mcu.Pin17=PA12
RCC.HSI_VALUE=16000000
Mcu.Pin18=PA13
RCC.PLLQ=RCC_PLLQ_DIV4
NVIC.PriorityGroup=NVIC_PRIORITYGROUP_4
Mcu.Pin11=PB2
Mcu.Pin12=PB12
RCC.PLLN=12
Mcu.Pin10=PB1
RCC.PWRFreq_Value=16000000
PA8.Mode=I2C
PF0-OSC_IN.Signal=GPIO_Output
RCC.I2C2Freq_Value=16000000
RCC.APB1Freq_Value=16000000
PB0.Signal=TIM8_CH2N
USB_DEVICE.VirtualMode=Cdc
ProjectManager.DeviceId=STM32G474CETx
PB12.Signal=FDCAN2_RX
ProjectManager.LibraryCopy=0
SH.S_TIM5_CH1.ConfNb=1
PA7.Signal=SPI1_MOSI
